{
  "name": "pub-cli",
  "version": "1.0.0",
  "lockfileVersion": 1,
  "requires": true,
  "dependencies": {
    "pub-services": {
      "version": "file:../pub-services",
      "requires": {
        "moment": "^2.22.2"
      },
      "dependencies": {
        "moment": {
          "version": "2.22.2",
          "bundled": true
        }
      }
    }
  }
}
